
Microsoft Visual Studio Solution File, Format Version 12.00
# Visual Studio Version 16
VisualStudioVersion = 16.0.31205.134
MinimumVisualStudioVersion = 10.0.40219.1
Project("{2150E333-8FDC-42A3-9474-1A3956D46DE8}") = "LabWorking1", "LabWorking1", "{9EA08941-22CD-4BD7-AA6A-5D961758CDE4}"
EndProject
Project("{2150E333-8FDC-42A3-9474-1A3956D46DE8}") = "LabWorking2", "LabWorking2", "{984CC5B9-B62F-458B-90E1-59A742CE29C3}"
EndProject
Project("{2150E333-8FDC-42A3-9474-1A3956D46DE8}") = "LabWorking3", "LabWorking3", "{89CF97E8-31CE-4682-A8D4-B234C45428FA}"
EndProject
Project("{FAE04EC0-301F-11D3-BF4B-00C04F79EFBC}") = "Exercise1.Hello", "LabWorking1\Exercise1.Hello\Exercise1.Hello.csproj", "{25764008-0B31-4288-B4FA-7C5E34890B0A}"
EndProject
Project("{FAE04EC0-301F-11D3-BF4B-00C04F79EFBC}") = "Exercise4.TryCatch", "LabWorking1\Exercise4.TryCatch\Exercise4.TryCatch.csproj", "{026A14E6-B8F9-48B7-889A-56D0B330B56A}"
EndProject
Project("{FAE04EC0-301F-11D3-BF4B-00C04F79EFBC}") = "Exercise1.Enum", "LabWorking2\Exercise1.Enum\Exercise1.Enum.csproj", "{774A817D-59CC-4D72-ACD0-B5027BDCB5FD}"
EndProject
Project("{FAE04EC0-301F-11D3-BF4B-00C04F79EFBC}") = "Exercise2.EnumStruct", "LabWorking2\Exercise2.EnumStruct\Exercise2.EnumStruct.csproj", "{D4FAEB83-B4F9-457D-9570-E16A828B6BCC}"
EndProject
Project("{FAE04EC0-301F-11D3-BF4B-00C04F79EFBC}") = "Exercise1.WhatDay1", "LabWorking3\Exercise1.WhatDay1\Exercise1.WhatDay1.csproj", "{F8AF10C5-146B-4D8B-B348-7E6D79844882}"
EndProject
Project("{FAE04EC0-301F-11D3-BF4B-00C04F79EFBC}") = "Exercise2.WhatDay2", "LabWorking3\Exercise2.WhatDay2\Exercise2.WhatDay2.csproj", "{16AAC36C-8226-467F-BF7D-36200E6F61B0}"
EndProject
Project("{FAE04EC0-301F-11D3-BF4B-00C04F79EFBC}") = "Exercise3.WhatDay3", "LabWorking3\Exercise3.WhatDay3\Exercise3.WhatDay3.csproj", "{5DC7ABDB-4901-4383-9C24-7D93E72E69F6}"
EndProject
Project("{2150E333-8FDC-42A3-9474-1A3956D46DE8}") = "LabWorking4", "LabWorking4", "{C301C6A6-7032-49F5-A4D5-9DA9F105AFEA}"
EndProject
Project("{FAE04EC0-301F-11D3-BF4B-00C04F79EFBC}") = "Exercise1.MaxValue", "LabWorking4\Exercise1.MaxValue\Exercise1.MaxValue.csproj", "{50797945-5800-4904-B56F-606ECB67D1C5}"
EndProject
Project("{FAE04EC0-301F-11D3-BF4B-00C04F79EFBC}") = "Exercise2.Swap", "LabWorking4\Exercise2.Swap\Exercise2.Swap.csproj", "{3AC178DF-EFDE-4B2B-93C7-19C3680F300C}"
EndProject
Project("{FAE04EC0-301F-11D3-BF4B-00C04F79EFBC}") = "Exercise3.Factorial", "LabWorking4\Exercise3.Factorial\Exercise3.Factorial.csproj", "{A93FCE35-9B19-445A-81D5-3EC23A322A42}"
EndProject
Project("{2150E333-8FDC-42A3-9474-1A3956D46DE8}") = "LabWorking5", "LabWorking5", "{B46C20FC-DFC4-4E06-BDF2-6507A8C300B7}"
EndProject
Project("{2150E333-8FDC-42A3-9474-1A3956D46DE8}") = "LabWorking6", "LabWorking6", "{60B0DCC3-4667-49D4-8669-6A90BC9ED1BF}"
EndProject
Project("{2150E333-8FDC-42A3-9474-1A3956D46DE8}") = "LabWorking7", "LabWorking7", "{07D898D3-365B-4486-BE31-A20A05CDC4E3}"
EndProject
Project("{FAE04EC0-301F-11D3-BF4B-00C04F79EFBC}") = "Exercise1.FileDetails", "LabWorking5\Exercise1.FileDetails\Exercise1.FileDetails.csproj", "{3B7C603A-712E-4558-BD22-74FD1D9F1B32}"
EndProject
Project("{FAE04EC0-301F-11D3-BF4B-00C04F79EFBC}") = "Exercise2.MultiplyMatrix", "LabWorking5\Exercise2.MultiplyMatrix\Exercise2.MultiplyMatrix.csproj", "{C211168A-6085-49A0-B44B-232A9721B175}"
EndProject
Project("{FAE04EC0-301F-11D3-BF4B-00C04F79EFBC}") = "Exercise1.BankAccount", "LabWorking6\Exercise1.BankAccount\Exercise1.BankAccount.csproj", "{7E6BC930-A455-49FB-A073-AFC7A35DF73C}"
EndProject
Project("{FAE04EC0-301F-11D3-BF4B-00C04F79EFBC}") = "Exercise2.RandomBankAccount", "LabWorking6\Exercise2.RandomBankAccount\Exercise2.RandomBankAccount.csproj", "{E7AEB760-345A-4134-AEA1-0B06B9EAB23D}"
EndProject
Project("{FAE04EC0-301F-11D3-BF4B-00C04F79EFBC}") = "Exercise3.BankAccountOperations", "LabWorking6\Exercise3.BankAccountOperations\Exercise3.BankAccountOperations.csproj", "{EA73F3E0-CDF4-4440-A8BF-645FB98E7B2D}"
EndProject
Global
	GlobalSection(SolutionConfigurationPlatforms) = preSolution
		Debug|Any CPU = Debug|Any CPU
		Release|Any CPU = Release|Any CPU
	EndGlobalSection
	GlobalSection(ProjectConfigurationPlatforms) = postSolution
		{25764008-0B31-4288-B4FA-7C5E34890B0A}.Debug|Any CPU.ActiveCfg = Debug|Any CPU
		{25764008-0B31-4288-B4FA-7C5E34890B0A}.Debug|Any CPU.Build.0 = Debug|Any CPU
		{25764008-0B31-4288-B4FA-7C5E34890B0A}.Release|Any CPU.ActiveCfg = Release|Any CPU
		{25764008-0B31-4288-B4FA-7C5E34890B0A}.Release|Any CPU.Build.0 = Release|Any CPU
		{026A14E6-B8F9-48B7-889A-56D0B330B56A}.Debug|Any CPU.ActiveCfg = Debug|Any CPU
		{026A14E6-B8F9-48B7-889A-56D0B330B56A}.Debug|Any CPU.Build.0 = Debug|Any CPU
		{026A14E6-B8F9-48B7-889A-56D0B330B56A}.Release|Any CPU.ActiveCfg = Release|Any CPU
		{026A14E6-B8F9-48B7-889A-56D0B330B56A}.Release|Any CPU.Build.0 = Release|Any CPU
		{774A817D-59CC-4D72-ACD0-B5027BDCB5FD}.Debug|Any CPU.ActiveCfg = Debug|Any CPU
		{774A817D-59CC-4D72-ACD0-B5027BDCB5FD}.Debug|Any CPU.Build.0 = Debug|Any CPU
		{774A817D-59CC-4D72-ACD0-B5027BDCB5FD}.Release|Any CPU.ActiveCfg = Release|Any CPU
		{774A817D-59CC-4D72-ACD0-B5027BDCB5FD}.Release|Any CPU.Build.0 = Release|Any CPU
		{D4FAEB83-B4F9-457D-9570-E16A828B6BCC}.Debug|Any CPU.ActiveCfg = Debug|Any CPU
		{D4FAEB83-B4F9-457D-9570-E16A828B6BCC}.Debug|Any CPU.Build.0 = Debug|Any CPU
		{D4FAEB83-B4F9-457D-9570-E16A828B6BCC}.Release|Any CPU.ActiveCfg = Release|Any CPU
		{D4FAEB83-B4F9-457D-9570-E16A828B6BCC}.Release|Any CPU.Build.0 = Release|Any CPU
		{F8AF10C5-146B-4D8B-B348-7E6D79844882}.Debug|Any CPU.ActiveCfg = Debug|Any CPU
		{F8AF10C5-146B-4D8B-B348-7E6D79844882}.Debug|Any CPU.Build.0 = Debug|Any CPU
		{F8AF10C5-146B-4D8B-B348-7E6D79844882}.Release|Any CPU.ActiveCfg = Release|Any CPU
		{F8AF10C5-146B-4D8B-B348-7E6D79844882}.Release|Any CPU.Build.0 = Release|Any CPU
		{16AAC36C-8226-467F-BF7D-36200E6F61B0}.Debug|Any CPU.ActiveCfg = Debug|Any CPU
		{16AAC36C-8226-467F-BF7D-36200E6F61B0}.Debug|Any CPU.Build.0 = Debug|Any CPU
		{16AAC36C-8226-467F-BF7D-36200E6F61B0}.Release|Any CPU.ActiveCfg = Release|Any CPU
		{16AAC36C-8226-467F-BF7D-36200E6F61B0}.Release|Any CPU.Build.0 = Release|Any CPU
		{5DC7ABDB-4901-4383-9C24-7D93E72E69F6}.Debug|Any CPU.ActiveCfg = Debug|Any CPU
		{5DC7ABDB-4901-4383-9C24-7D93E72E69F6}.Debug|Any CPU.Build.0 = Debug|Any CPU
		{5DC7ABDB-4901-4383-9C24-7D93E72E69F6}.Release|Any CPU.ActiveCfg = Release|Any CPU
		{5DC7ABDB-4901-4383-9C24-7D93E72E69F6}.Release|Any CPU.Build.0 = Release|Any CPU
		{50797945-5800-4904-B56F-606ECB67D1C5}.Debug|Any CPU.ActiveCfg = Debug|Any CPU
		{50797945-5800-4904-B56F-606ECB67D1C5}.Debug|Any CPU.Build.0 = Debug|Any CPU
		{50797945-5800-4904-B56F-606ECB67D1C5}.Release|Any CPU.ActiveCfg = Release|Any CPU
		{50797945-5800-4904-B56F-606ECB67D1C5}.Release|Any CPU.Build.0 = Release|Any CPU
		{3AC178DF-EFDE-4B2B-93C7-19C3680F300C}.Debug|Any CPU.ActiveCfg = Debug|Any CPU
		{3AC178DF-EFDE-4B2B-93C7-19C3680F300C}.Debug|Any CPU.Build.0 = Debug|Any CPU
		{3AC178DF-EFDE-4B2B-93C7-19C3680F300C}.Release|Any CPU.ActiveCfg = Release|Any CPU
		{3AC178DF-EFDE-4B2B-93C7-19C3680F300C}.Release|Any CPU.Build.0 = Release|Any CPU
		{A93FCE35-9B19-445A-81D5-3EC23A322A42}.Debug|Any CPU.ActiveCfg = Debug|Any CPU
		{A93FCE35-9B19-445A-81D5-3EC23A322A42}.Debug|Any CPU.Build.0 = Debug|Any CPU
		{A93FCE35-9B19-445A-81D5-3EC23A322A42}.Release|Any CPU.ActiveCfg = Release|Any CPU
		{A93FCE35-9B19-445A-81D5-3EC23A322A42}.Release|Any CPU.Build.0 = Release|Any CPU
		{3B7C603A-712E-4558-BD22-74FD1D9F1B32}.Debug|Any CPU.ActiveCfg = Debug|Any CPU
		{3B7C603A-712E-4558-BD22-74FD1D9F1B32}.Debug|Any CPU.Build.0 = Debug|Any CPU
		{3B7C603A-712E-4558-BD22-74FD1D9F1B32}.Release|Any CPU.ActiveCfg = Release|Any CPU
		{3B7C603A-712E-4558-BD22-74FD1D9F1B32}.Release|Any CPU.Build.0 = Release|Any CPU
		{C211168A-6085-49A0-B44B-232A9721B175}.Debug|Any CPU.ActiveCfg = Debug|Any CPU
		{C211168A-6085-49A0-B44B-232A9721B175}.Debug|Any CPU.Build.0 = Debug|Any CPU
		{C211168A-6085-49A0-B44B-232A9721B175}.Release|Any CPU.ActiveCfg = Release|Any CPU
		{C211168A-6085-49A0-B44B-232A9721B175}.Release|Any CPU.Build.0 = Release|Any CPU
		{7E6BC930-A455-49FB-A073-AFC7A35DF73C}.Debug|Any CPU.ActiveCfg = Debug|Any CPU
		{7E6BC930-A455-49FB-A073-AFC7A35DF73C}.Debug|Any CPU.Build.0 = Debug|Any CPU
		{7E6BC930-A455-49FB-A073-AFC7A35DF73C}.Release|Any CPU.ActiveCfg = Release|Any CPU
		{7E6BC930-A455-49FB-A073-AFC7A35DF73C}.Release|Any CPU.Build.0 = Release|Any CPU
		{E7AEB760-345A-4134-AEA1-0B06B9EAB23D}.Debug|Any CPU.ActiveCfg = Debug|Any CPU
		{E7AEB760-345A-4134-AEA1-0B06B9EAB23D}.Debug|Any CPU.Build.0 = Debug|Any CPU
		{E7AEB760-345A-4134-AEA1-0B06B9EAB23D}.Release|Any CPU.ActiveCfg = Release|Any CPU
		{E7AEB760-345A-4134-AEA1-0B06B9EAB23D}.Release|Any CPU.Build.0 = Release|Any CPU
		{EA73F3E0-CDF4-4440-A8BF-645FB98E7B2D}.Debug|Any CPU.ActiveCfg = Debug|Any CPU
		{EA73F3E0-CDF4-4440-A8BF-645FB98E7B2D}.Debug|Any CPU.Build.0 = Debug|Any CPU
		{EA73F3E0-CDF4-4440-A8BF-645FB98E7B2D}.Release|Any CPU.ActiveCfg = Release|Any CPU
		{EA73F3E0-CDF4-4440-A8BF-645FB98E7B2D}.Release|Any CPU.Build.0 = Release|Any CPU
	EndGlobalSection
	GlobalSection(SolutionProperties) = preSolution
		HideSolutionNode = FALSE
	EndGlobalSection
	GlobalSection(NestedProjects) = preSolution
		{25764008-0B31-4288-B4FA-7C5E34890B0A} = {9EA08941-22CD-4BD7-AA6A-5D961758CDE4}
		{026A14E6-B8F9-48B7-889A-56D0B330B56A} = {9EA08941-22CD-4BD7-AA6A-5D961758CDE4}
		{774A817D-59CC-4D72-ACD0-B5027BDCB5FD} = {984CC5B9-B62F-458B-90E1-59A742CE29C3}
		{D4FAEB83-B4F9-457D-9570-E16A828B6BCC} = {984CC5B9-B62F-458B-90E1-59A742CE29C3}
		{F8AF10C5-146B-4D8B-B348-7E6D79844882} = {89CF97E8-31CE-4682-A8D4-B234C45428FA}
		{16AAC36C-8226-467F-BF7D-36200E6F61B0} = {89CF97E8-31CE-4682-A8D4-B234C45428FA}
		{5DC7ABDB-4901-4383-9C24-7D93E72E69F6} = {89CF97E8-31CE-4682-A8D4-B234C45428FA}
		{50797945-5800-4904-B56F-606ECB67D1C5} = {C301C6A6-7032-49F5-A4D5-9DA9F105AFEA}
		{3AC178DF-EFDE-4B2B-93C7-19C3680F300C} = {C301C6A6-7032-49F5-A4D5-9DA9F105AFEA}
		{A93FCE35-9B19-445A-81D5-3EC23A322A42} = {C301C6A6-7032-49F5-A4D5-9DA9F105AFEA}
		{3B7C603A-712E-4558-BD22-74FD1D9F1B32} = {B46C20FC-DFC4-4E06-BDF2-6507A8C300B7}
		{C211168A-6085-49A0-B44B-232A9721B175} = {B46C20FC-DFC4-4E06-BDF2-6507A8C300B7}
		{7E6BC930-A455-49FB-A073-AFC7A35DF73C} = {60B0DCC3-4667-49D4-8669-6A90BC9ED1BF}
		{E7AEB760-345A-4134-AEA1-0B06B9EAB23D} = {60B0DCC3-4667-49D4-8669-6A90BC9ED1BF}
		{EA73F3E0-CDF4-4440-A8BF-645FB98E7B2D} = {60B0DCC3-4667-49D4-8669-6A90BC9ED1BF}
	EndGlobalSection
	GlobalSection(ExtensibilityGlobals) = postSolution
		SolutionGuid = {27987ECB-1C9C-4A4B-9948-EB2D2070F332}
	EndGlobalSection
EndGlobal
